
Microsoft Visual Studio Solution File, Format Version 12.00
# Visual Studio Version 17
VisualStudioVersion = 17.4.33122.133
MinimumVisualStudioVersion = 10.0.40219.1
Project("{FAE04EC0-301F-11D3-BF4B-00C04F79EFBC}") = "Snake", "Snake\Snake.csproj", "{86B7C2AA-75F1-45B3-B781-95E4A769184D}"
EndProject
Global
	GlobalSection(SolutionConfigurationPlatforms) = preSolution
		Debug|Any CPU = Debug|Any CPU
		Release|Any CPU = Release|Any CPU
	EndGlobalSection
	GlobalSection(ProjectConfigurationPlatforms) = postSolution
		{86B7C2AA-75F1-45B3-B781-95E4A769184D}.Debug|Any CPU.ActiveCfg = Debug|Any CPU
		{86B7C2AA-75F1-45B3-B781-95E4A769184D}.Debug|Any CPU.Build.0 = Debug|Any CPU
		{86B7C2AA-75F1-45B3-B781-95E4A769184D}.Release|Any CPU.ActiveCfg = Release|Any CPU
		{86B7C2AA-75F1-45B3-B781-95E4A769184D}.Release|Any CPU.Build.0 = Release|Any CPU
	EndGlobalSection
	GlobalSection(SolutionProperties) = preSolution
		HideSolutionNode = FALSE
	EndGlobalSection
	GlobalSection(ExtensibilityGlobals) = postSolution
		SolutionGuid = {256E255D-2C00-4A0B-AB6C-C6B33976E5A0}
	EndGlobalSection
EndGlobal
