
Microsoft Visual Studio Solution File, Format Version 12.00
# Visual Studio Version 17
VisualStudioVersion = 17.4.33122.133
MinimumVisualStudioVersion = 10.0.40219.1
Project("{FAE04EC0-301F-11D3-BF4B-00C04F79EFBC}") = "CollisionDetection", "CollisionDetection\CollisionDetection.csproj", "{4620D525-70C6-467B-B8C0-84763D0ECA10}"
EndProject
Global
	GlobalSection(SolutionConfigurationPlatforms) = preSolution
		Debug|Any CPU = Debug|Any CPU
		Release|Any CPU = Release|Any CPU
	EndGlobalSection
	GlobalSection(ProjectConfigurationPlatforms) = postSolution
		{4620D525-70C6-467B-B8C0-84763D0ECA10}.Debug|Any CPU.ActiveCfg = Debug|Any CPU
		{4620D525-70C6-467B-B8C0-84763D0ECA10}.Debug|Any CPU.Build.0 = Debug|Any CPU
		{4620D525-70C6-467B-B8C0-84763D0ECA10}.Release|Any CPU.ActiveCfg = Release|Any CPU
		{4620D525-70C6-467B-B8C0-84763D0ECA10}.Release|Any CPU.Build.0 = Release|Any CPU
	EndGlobalSection
	GlobalSection(SolutionProperties) = preSolution
		HideSolutionNode = FALSE
	EndGlobalSection
	GlobalSection(ExtensibilityGlobals) = postSolution
		SolutionGuid = {FB76C847-0867-4D79-BEE8-C0F38A7E39B9}
	EndGlobalSection
EndGlobal
