
Microsoft Visual Studio Solution File, Format Version 12.00
# Visual Studio Version 17
VisualStudioVersion = 17.4.33122.133
MinimumVisualStudioVersion = 10.0.40219.1
Project("{FAE04EC0-301F-11D3-BF4B-00C04F79EFBC}") = "BinaryCalculatorGame", "BinaryCalculatorGame\BinaryCalculatorGame.csproj", "{D7902246-EC05-46A7-B3AF-1CBB586D5020}"
EndProject
Global
	GlobalSection(SolutionConfigurationPlatforms) = preSolution
		Debug|Any CPU = Debug|Any CPU
		Release|Any CPU = Release|Any CPU
	EndGlobalSection
	GlobalSection(ProjectConfigurationPlatforms) = postSolution
		{D7902246-EC05-46A7-B3AF-1CBB586D5020}.Debug|Any CPU.ActiveCfg = Debug|Any CPU
		{D7902246-EC05-46A7-B3AF-1CBB586D5020}.Debug|Any CPU.Build.0 = Debug|Any CPU
		{D7902246-EC05-46A7-B3AF-1CBB586D5020}.Release|Any CPU.ActiveCfg = Release|Any CPU
		{D7902246-EC05-46A7-B3AF-1CBB586D5020}.Release|Any CPU.Build.0 = Release|Any CPU
	EndGlobalSection
	GlobalSection(SolutionProperties) = preSolution
		HideSolutionNode = FALSE
	EndGlobalSection
	GlobalSection(ExtensibilityGlobals) = postSolution
		SolutionGuid = {B7EE8C1C-DDB4-46C5-BD53-7E38390CB326}
	EndGlobalSection
EndGlobal
